
Microsoft Visual Studio Solution File, Format Version 12.00
# Visual Studio Version 16
VisualStudioVersion = 16.0.30413.136
MinimumVisualStudioVersion = 10.0.40219.1
Project("{FAE04EC0-301F-11D3-BF4B-00C04F79EFBC}") = "Day6_Objects", "Day6_Objects\Day6_Objects.csproj", "{B9940AA2-199B-4ED2-8CA9-55267E8791C1}"
EndProject
Global
	GlobalSection(SolutionConfigurationPlatforms) = preSolution
		Debug|Any CPU = Debug|Any CPU
		Release|Any CPU = Release|Any CPU
	EndGlobalSection
	GlobalSection(ProjectConfigurationPlatforms) = postSolution
		{B9940AA2-199B-4ED2-8CA9-55267E8791C1}.Debug|Any CPU.ActiveCfg = Debug|Any CPU
		{B9940AA2-199B-4ED2-8CA9-55267E8791C1}.Debug|Any CPU.Build.0 = Debug|Any CPU
		{B9940AA2-199B-4ED2-8CA9-55267E8791C1}.Release|Any CPU.ActiveCfg = Release|Any CPU
		{B9940AA2-199B-4ED2-8CA9-55267E8791C1}.Release|Any CPU.Build.0 = Release|Any CPU
	EndGlobalSection
	GlobalSection(SolutionProperties) = preSolution
		HideSolutionNode = FALSE
	EndGlobalSection
	GlobalSection(ExtensibilityGlobals) = postSolution
		SolutionGuid = {DDC2F023-4091-43DF-BD67-003EFE3ABC36}
	EndGlobalSection
EndGlobal
