
Microsoft Visual Studio Solution File, Format Version 12.00
# Visual Studio Version 16
VisualStudioVersion = 16.0.30413.136
MinimumVisualStudioVersion = 10.0.40219.1
Project("{FAE04EC0-301F-11D3-BF4B-00C04F79EFBC}") = "Day8", "Day8\Day8.csproj", "{ED1937C6-A92E-4303-993F-9160BB43B785}"
EndProject
Global
	GlobalSection(SolutionConfigurationPlatforms) = preSolution
		Debug|Any CPU = Debug|Any CPU
		Release|Any CPU = Release|Any CPU
	EndGlobalSection
	GlobalSection(ProjectConfigurationPlatforms) = postSolution
		{ED1937C6-A92E-4303-993F-9160BB43B785}.Debug|Any CPU.ActiveCfg = Debug|Any CPU
		{ED1937C6-A92E-4303-993F-9160BB43B785}.Debug|Any CPU.Build.0 = Debug|Any CPU
		{ED1937C6-A92E-4303-993F-9160BB43B785}.Release|Any CPU.ActiveCfg = Release|Any CPU
		{ED1937C6-A92E-4303-993F-9160BB43B785}.Release|Any CPU.Build.0 = Release|Any CPU
	EndGlobalSection
	GlobalSection(SolutionProperties) = preSolution
		HideSolutionNode = FALSE
	EndGlobalSection
	GlobalSection(ExtensibilityGlobals) = postSolution
		SolutionGuid = {DBE8F70D-7E22-48AF-9444-3FDFABD961EE}
	EndGlobalSection
EndGlobal
