
Microsoft Visual Studio Solution File, Format Version 12.00
# Visual Studio Version 16
VisualStudioVersion = 16.0.30413.136
MinimumVisualStudioVersion = 10.0.40219.1
Project("{FAE04EC0-301F-11D3-BF4B-00C04F79EFBC}") = "Day7_Objects", "Day7_Objects\Day7_Objects.csproj", "{7E99C006-95CC-4D04-B254-5BEC5D84E0FF}"
EndProject
Global
	GlobalSection(SolutionConfigurationPlatforms) = preSolution
		Debug|Any CPU = Debug|Any CPU
		Release|Any CPU = Release|Any CPU
	EndGlobalSection
	GlobalSection(ProjectConfigurationPlatforms) = postSolution
		{7E99C006-95CC-4D04-B254-5BEC5D84E0FF}.Debug|Any CPU.ActiveCfg = Debug|Any CPU
		{7E99C006-95CC-4D04-B254-5BEC5D84E0FF}.Debug|Any CPU.Build.0 = Debug|Any CPU
		{7E99C006-95CC-4D04-B254-5BEC5D84E0FF}.Release|Any CPU.ActiveCfg = Release|Any CPU
		{7E99C006-95CC-4D04-B254-5BEC5D84E0FF}.Release|Any CPU.Build.0 = Release|Any CPU
	EndGlobalSection
	GlobalSection(SolutionProperties) = preSolution
		HideSolutionNode = FALSE
	EndGlobalSection
	GlobalSection(ExtensibilityGlobals) = postSolution
		SolutionGuid = {8DB63542-725D-4931-ACDB-C696D6C6251D}
	EndGlobalSection
EndGlobal
